<?xml version="1.0" encoding="utf-8"?>
<Project ToolsVersion="4.0" xmlns="http://schemas.microsoft.com/developer/msbuild/2003">
  <ItemGroup>
    <Filter Include="Source Files">
      <UniqueIdentifier>{4FC737F1-C7A5-4376-A066-2A32D752A2FF}</UniqueIdentifier>
      <Extensions>cpp;c;cc;cxx;c++;cppm;ixx;def;odl;idl;hpj;bat;asm;asmx</Extensions>
    </Filter>
    <Filter Include="Header Files">
      <UniqueIdentifier>{93995380-89BD-4b04-88EB-625FBE52EBFB}</UniqueIdentifier>
      <Extensions>h;hh;hpp;hxx;h++;hm;inl;inc;ipp;xsd</Extensions>
    </Filter>
    <Filter Include="examples">
      <UniqueIdentifier>{97a577f6-b28f-403b-8eec-f0b89faf9a78}</UniqueIdentifier>
    </Filter>
  </ItemGroup>
  <ItemGroup>
    <ClInclude Include="args.h">
      <Filter>Header Files</Filter>
    </ClInclude>
    <ClInclude Include="tables.h">
      <Filter>Header Files</Filter>
    </ClInclude>
    <ClInclude Include="common.h">
      <Filter>Header Files</Filter>
    </ClInclude>
    <ClInclude Include="program.h">
      <Filter>Header Files</Filter>
    </ClInclude>
    <ClInclude Include="stl.h">
      <Filter>Header Files</Filter>
    </ClInclude>
    <ClInclude Include="compiler.h">
      <Filter>Header Files</Filter>
    </ClInclude>
  </ItemGroup>
  <ItemGroup>
    <ClCompile Include="args.cpp">
      <Filter>Source Files</Filter>
    </ClCompile>
    <ClCompile Include="tables.cpp">
      <Filter>Source Files</Filter>
    </ClCompile>
    <ClCompile Include="program.cpp">
      <Filter>Source Files</Filter>
    </ClCompile>
    <ClCompile Include="stl.cpp">
      <Filter>Source Files</Filter>
    </ClCompile>
    <ClCompile Include="example.cpp">
      <Filter>Source Files</Filter>
    </ClCompile>
    <ClCompile Include="compiler.cpp">
      <Filter>Source Files</Filter>
    </ClCompile>
    <ClCompile Include="common.cpp">
      <Filter>Source Files</Filter>
    </ClCompile>
  </ItemGroup>
  <ItemGroup>
    <None Include="example.scisl">
      <Filter>Source Files</Filter>
    </None>
    <None Include="decompiled.scisl">
      <Filter>Source Files</Filter>
    </None>
    <None Include="examples\factorial.scisl">
      <Filter>examples</Filter>
    </None>
    <None Include="examples\DECOMP_factorial.scisl">
      <Filter>examples</Filter>
    </None>
    <None Include="examples\lotsOfConst.scisl">
      <Filter>examples</Filter>
    </None>
    <None Include="examples\DECOMP_lotsOfConst.scisl">
      <Filter>examples</Filter>
    </None>
  </ItemGroup>
</Project>