<?xml version="1.0" encoding="utf-8"?>
<Project ToolsVersion="4.0" xmlns="http://schemas.microsoft.com/developer/msbuild/2003">
  <ItemGroup>
    <Filter Include="Source Files">
      <UniqueIdentifier>{4FC737F1-C7A5-4376-A066-2A32D752A2FF}</UniqueIdentifier>
      <Extensions>cpp;c;cc;cxx;c++;cppm;ixx;def;odl;idl;hpj;bat;asm;asmx</Extensions>
    </Filter>
  </ItemGroup>
  <ItemGroup>
    <ClCompile Include="src\example.cpp">
      <Filter>Source Files</Filter>
    </ClCompile>
    <ClCompile Include="src\preprocessor\preprocess.cpp">
      <Filter>Source Files</Filter>
    </ClCompile>
    <ClCompile Include="src\preprocessor\macros.cpp">
      <Filter>Source Files</Filter>
    </ClCompile>
    <ClCompile Include="src\compiler\parser.cpp">
      <Filter>Source Files</Filter>
    </ClCompile>
    <ClCompile Include="src\runtime\stl.cpp">
      <Filter>Source Files</Filter>
    </ClCompile>
    <ClCompile Include="src\preprocessor\aliases.cpp">
      <Filter>Source Files</Filter>
    </ClCompile>
    <ClCompile Include="src\compiler\compile.cpp">
      <Filter>Source Files</Filter>
    </ClCompile>
    <ClCompile Include="src\interop\interop.cpp">
      <Filter>Source Files</Filter>
    </ClCompile>
    <ClCompile Include="src\compiler\optimizer.cpp">
      <Filter>Source Files</Filter>
    </ClCompile>
  </ItemGroup>
  <ItemGroup>
    <None Include="src\example.scisl">
      <Filter>Source Files</Filter>
    </None>
  </ItemGroup>
  <ItemGroup>
    <ClInclude Include="src\preprocessor\aliases.h" />
    <ClInclude Include="src\preprocessor\macros.h" />
    <ClInclude Include="src\preprocessor\preprocess.h" />
    <ClInclude Include="src\compiler\compile.h" />
    <ClInclude Include="src\compiler\parser.h" />
    <ClInclude Include="src\runtime\stl.h" />
    <ClInclude Include="src\compiler\type.h" />
    <ClInclude Include="src\runtime\program.h" />
    <ClInclude Include="src\interop\interop.h" />
    <ClInclude Include="src\compiler\optimizer.h" />
  </ItemGroup>
</Project>