<?xml version="1.0" encoding="utf-8"?>
<Project ToolsVersion="4.0" xmlns="http://schemas.microsoft.com/developer/msbuild/2003">
  <ItemGroup>
    <Filter Include="Source Files">
      <UniqueIdentifier>{4FC737F1-C7A5-4376-A066-2A32D752A2FF}</UniqueIdentifier>
      <Extensions>cpp;c;cc;cxx;c++;cppm;ixx;def;odl;idl;hpj;bat;asm;asmx</Extensions>
    </Filter>
    <Filter Include="Resource Files">
      <UniqueIdentifier>{67DA6AB6-F800-4c08-8B7A-83BB121AAD01}</UniqueIdentifier>
      <Extensions>rc;ico;cur;bmp;dlg;rc2;rct;bin;rgs;gif;jpg;jpeg;jpe;resx;tiff;tif;png;wav;mfcribbon-ms</Extensions>
    </Filter>
    <Filter Include="Resource Files\DecompiledScisl">
      <UniqueIdentifier>{5f916148-45b5-4f8c-b4ec-91ca240c58a8}</UniqueIdentifier>
    </Filter>
  </ItemGroup>
  <ItemGroup>
    <ClCompile Include="Tests.cpp">
      <Filter>Source Files</Filter>
    </ClCompile>
    <ClCompile Include="..\args.cpp">
      <Filter>Source Files</Filter>
    </ClCompile>
    <ClCompile Include="..\common.cpp">
      <Filter>Source Files</Filter>
    </ClCompile>
    <ClCompile Include="..\compiler.cpp">
      <Filter>Source Files</Filter>
    </ClCompile>
    <ClCompile Include="..\program.cpp">
      <Filter>Source Files</Filter>
    </ClCompile>
    <ClCompile Include="..\stl.cpp">
      <Filter>Source Files</Filter>
    </ClCompile>
    <ClCompile Include="..\tables.cpp">
      <Filter>Source Files</Filter>
    </ClCompile>
  </ItemGroup>
  <ItemGroup>
    <None Include="Math.scisl">
      <Filter>Resource Files</Filter>
    </None>
    <None Include="Factorial12.scisl">
      <Filter>Resource Files</Filter>
    </None>
    <None Include="DecompiledScisl\Factorial12.scisl">
      <Filter>Resource Files\DecompiledScisl</Filter>
    </None>
    <None Include="DecompiledScisl\Math.scisl">
      <Filter>Resource Files\DecompiledScisl</Filter>
    </None>
    <None Include="DecompiledScisl\StrAdd.scisl">
      <Filter>Resource Files\DecompiledScisl</Filter>
    </None>
    <None Include="BasicBreaks.scisl">
      <Filter>Resource Files</Filter>
    </None>
    <None Include="TwoBalls.scisl">
      <Filter>Resource Files</Filter>
    </None>
    <None Include="DecompiledScisl\BasicBreaks.scisl">
      <Filter>Resource Files\DecompiledScisl</Filter>
    </None>
    <None Include="DecompiledScisl\TwoBalls.scisl">
      <Filter>Resource Files\DecompiledScisl</Filter>
    </None>
    <None Include="ParseStr.scisl">
      <Filter>Resource Files</Filter>
    </None>
    <None Include="DecompiledScisl\ParseStr.scisl">
      <Filter>Resource Files\DecompiledScisl</Filter>
    </None>
  </ItemGroup>
  <ItemGroup>
    <Text Include="StrAdd.scisl">
      <Filter>Resource Files</Filter>
    </Text>
  </ItemGroup>
</Project>